// !$*UTF8*$!
{
	archiveVersion = 1;
	classes = {
	};
	objectVersion = 46;
	objects = {

/* Begin PBXBuildFile section */
		34C59D991D046F9A00E39C2A /* AppDelegate.swift in Sources */ = {isa = PBXBuildFile; fileRef = 34C59D981D046F9A00E39C2A /* AppDelegate.swift */; };
		34C59D9B1D046F9A00E39C2A /* ViewController.swift in Sources */ = {isa = PBXBuildFile; fileRef = 34C59D9A1D046F9A00E39C2A /* ViewController.swift */; };
		34C59D9E1D046F9A00E39C2A /* Main.storyboard in Resources */ = {isa = PBXBuildFile; fileRef = 34C59D9C1D046F9A00E39C2A /* Main.storyboard */; };
		34C59DA01D046F9A00E39C2A /* Assets.xcassets in Resources */ = {isa = PBXBuildFile; fileRef = 34C59D9F1D046F9A00E39C2A /* Assets.xcassets */; };
		34C59DA31D046F9A00E39C2A /* LaunchScreen.storyboard in Resources */ = {isa = PBXBuildFile; fileRef = 34C59DA11D046F9A00E39C2A /* LaunchScreen.storyboard */; };
/* End PBXBuildFile section */

/* Begin PBXFileReference section */
		34C59D951D046F9A00E39C2A /* TCCountUp.app */ = {isa = PBXFileReference; explicitFileType = wrapper.application; includeInIndex = 0; path = TCCountUp.app; sourceTree = BUILT_PRODUCTS_DIR; };
		34C59D981D046F9A00E39C2A /* AppDelegate.swift */ = {isa = PBXFileReference; lastKnownFileType = sourcecode.swift; path = AppDelegate.swift; sourceTree = "<group>"; };
		34C59D9A1D046F9A00E39C2A /* ViewController.swift */ = {isa = PBXFileReference; lastKnownFileType = sourcecode.swift; path = ViewController.swift; sourceTree = "<group>"; };
		34C59D9D1D046F9A00E39C2A /* Base */ = {isa = PBXFileReference; lastKnownFileType = file.storyboard; name = Base; path = Base.lproj/Main.storyboard; sourceTree = "<group>"; };
		34C59D9F1D046F9A00E39C2A /* Assets.xcassets */ = {isa = PBXFileReference; lastKnownFileType = folder.assetcatalog; path = Assets.xcassets; sourceTree = "<group>"; };
		34C59DA21D046F9A00E39C2A /* Base */ = {isa = PBXFileReference; lastKnownFileType = file.storyboard; name = Base; path = Base.lproj/LaunchScreen.storyboard; sourceTree = "<group>"; };
		34C59DA41D046F9A00E39C2A /* Info.plist */ = {isa = PBXFileReference; lastKnownFileType = text.plist.xml; path = Info.plist; sourceTree = "<group>"; };
/* End PBXFileReference section */

/* Begin PBXFrameworksBuildPhase section */
		34C59D921D046F9A00E39C2A /* Frameworks */ = {
			isa = PBXFrameworksBuildPhase;
			buildActionMask = 2147483647;
			files = (
			);
			runOnlyForDeploymentPostprocessing = 0;
		};
/* End PBXFrameworksBuildPhase section */

/* Begin PBXGroup section */
		34C59D8C1D046F9A00E39C2A = {
			isa = PBXGroup;
			children = (
				34C59D971D046F9A00E39C2A /* TCCountUp */,
				34C59D961D046F9A00E39C2A /* Products */,
			);
			sourceTree = "<group>";
		};
		34C59D961D046F9A00E39C2A /* Products */ = {
			isa = PBXGroup;
			children = (
				34C59D951D046F9A00E39C2A /* TCCountUp.app */,
			);
			name = Products;
			sourceTree = "<group>";
		};
		34C59D971D046F9A00E39C2A /* TCCountUp */ = {
			isa = PBXGroup;
			children = (
				34C59D981D046F9A00E39C2A /* AppDelegate.swift */,
				34C59D9A1D046F9A00E39C2A /* ViewController.swift */,
				34C59D9C1D046F9A00E39C2A /* Main.storyboard */,
				34C59D9F1D046F9A00E39C2A /* Assets.xcassets */,
				34C59DA11D046F9A00E39C2A /* LaunchScreen.storyboard */,
				34C59DA41D046F9A00E39C2A /* Info.plist */,
			);
			path = TCCountUp;
			sourceTree = "<group>";
		};
/* End PBXGroup section */

/* Begin PBXNativeTarget section */
		34C59D941D046F9A00E39C2A /* TCCountUp */ = {
			isa = PBXNativeTarget;
			buildConfigurationList = 34C59DA71D046F9A00E39C2A /* Build configuration list for PBXNativeTarget "TCCountUp" */;
			buildPhases = (
				34C59D911D046F9A00E39C2A /* Sources */,
				34C59D921D046F9A00E39C2A /* Frameworks */,
				34C59D931D046F9A00E39C2A /* Resources */,
			);
			buildRules = (
			);
			dependencies = (
			);
			name = TCCountUp;
			productName = TCCountUp;
			productReference = 34C59D951D046F9A00E39C2A /* TCCountUp.app */;
			productType = "com.apple.product-type.application";
		};
/* End PBXNativeTarget section */

/* Begin PBXProject section */
		34C59D8D1D046F9A00E39C2A /* Project object */ = {
			isa = PBXProject;
			attributes = {
				LastSwiftUpdateCheck = 0730;
				LastUpgradeCheck = 0730;
				ORGANIZATIONNAME = mocchicc;
				TargetAttributes = {
					34C59D941D046F9A00E39C2A = {
						CreatedOnToolsVersion = 7.3.1;
					};
				};
			};
			buildConfigurationList = 34C59D901D046F9A00E39C2A /* Build configuration list for PBXProject "TCCountUp" */;
			compatibilityVersion = "Xcode 3.2";
			developmentRegion = English;
			hasScannedForEncodings = 0;
			knownRegions = (
				en,
				Base,
			);
			mainGroup = 34C59D8C1D046F9A00E39C2A;
			productRefGroup = 34C59D961D046F9A00E39C2A /* Products */;
			projectDirPath = "";
			projectRoot = "";
			targets = (
				34C59D941D046F9A00E39C2A /* TCCountUp */,
			);
		};
/* End PBXProject section */

/* Begin PBXResourcesBuildPhase section */
		34C59D931D046F9A00E39C2A /* Resources */ = {
			isa = PBXResourcesBuildPhase;
			buildActionMask = 2147483647;
			files = (
				34C59DA31D046F9A00E39C2A /* LaunchScreen.storyboard in Resources */,
				34C59DA01D046F9A00E39C2A /* Assets.xcassets in Resources */,
				34C59D9E1D046F9A00E39C2A /* Main.storyboard in Resources */,
			);
			runOnlyForDeploymentPostprocessing = 0;
		};
/* End PBXResourcesBuildPhase section */

/* Begin PBXSourcesBuildPhase section */
		34C59D911D046F9A00E39C2A /* Sources */ = {
			isa = PBXSourcesBuildPhase;
			buildActionMask = 2147483647;
			files = (
				34C59D9B1D046F9A00E39C2A /* ViewController.swift in Sources */,
				34C59D991D046F9A00E39C2A /* AppDelegate.swift in Sources */,
			);
			runOnlyForDeploymentPostprocessing = 0;
		};
/* End PBXSourcesBuildPhase section */

/* Begin PBXVariantGroup section */
		34C59D9C1D046F9A00E39C2A /* Main.storyboard */ = {
			isa = PBXVariantGroup;
			children = (
				34C59D9D1D046F9A00E39C2A /* Base */,
			);
			name = Main.storyboard;
			sourceTree = "<group>";
		};
		34C59DA11D046F9A00E39C2A /* LaunchScreen.storyboard */ = {
			isa = PBXVariantGroup;
			children = (
				34C59DA21D046F9A00E39C2A /* Base */,
			);
			name = LaunchScreen.storyboard;
			sourceTree = "<group>";
		};
/* End PBXVariantGroup section */

/* Begin XCBuildConfiguration section */
		34C59DA51D046F9A00E39C2A /* Debug */ = {
			isa = XCBuildConfiguration;
			buildSettings = {
				ALWAYS_SEARCH_USER_PATHS = NO;
				CLANG_ANALYZER_NONNULL = YES;
				CLANG_CXX_LANGUAGE_STANDARD = "gnu++0x";
				CLANG_CXX_LIBRARY = "libc++";
				CLANG_ENABLE_MODULES = YES;
				CLANG_ENABLE_OBJC_ARC = YES;
				CLANG_WARN_BOOL_CONVERSION = YES;
				CLANG_WARN_CONSTANT_CONVERSION = YES;
				CLANG_WARN_DIRECT_OBJC_ISA_USAGE = YES_ERROR;
				CLANG_WARN_EMPTY_BODY = YES;
				CLANG_WARN_ENUM_CONVERSION = YES;
				CLANG_WARN_INT_CONVERSION = YES;
				CLANG_WARN_OBJC_ROOT_CLASS = YES_ERROR;
				CLANG_WARN_UNREACHABLE_CODE = YES;
				CLANG_WARN__DUPLICATE_METHOD_MATCH = YES;
				"CODE_SIGN_IDENTITY[sdk=iphoneos*]" = "iPhone Developer";
				COPY_PHASE_STRIP = NO;
				DEBUG_INFORMATION_FORMAT = dwarf;
				ENABLE_STRICT_OBJC_MSGSEND = YES;
				ENABLE_TESTABILITY = YES;
				GCC_C_LANGUAGE_STANDARD = gnu99;
				GCC_DYNAMIC_NO_PIC = NO;
				GCC_NO_COMMON_BLOCKS = YES;
				GCC_OPTIMIZATION_LEVEL = 0;
				GCC_PREPROCESSOR_DEFINITIONS = (
					"DEBUG=1",
					"$(inherited)",
				);
				GCC_WARN_64_TO_32_BIT_CONVERSION = YES;
				GCC_WARN_ABOUT_RETURN_TYPE = YES_ERROR;
				GCC_WARN_UNDECLARED_SELECTOR = YES;
				GCC_WARN_UNINITIALIZED_AUTOS = YES_AGGRESSIVE;
				GCC_WARN_UNUSED_FUNCTION = YES;
				GCC_WARN_UNUSED_VARIABLE = YES;
				IPHONEOS_DEPLOYMENT_TARGET = 9.3;
				MTL_ENABLE_DEBUG_INFO = YES;
				ONLY_ACTIVE_ARCH = YES;
				SDKROOT = iphoneos;
				SWIFT_OPTIMIZATION_LEVEL = "-Onone";
			};
			name = Debug;
		};
		34C59DA61D046F9A00E39C2A /* Release */ = {
			isa = XCBuildConfiguration;
			buildSettings = {
				ALWAYS_SEARCH_USER_PATHS = NO;
				CLANG_ANALYZER_NONNULL = YES;
				CLANG_CXX_LANGUAGE_STANDARD = "gnu++0x";
				CLANG_CXX_LIBRARY = "libc++";
				CLANG_ENABLE_MODULES = YES;
				CLANG_ENABLE_OBJC_ARC = YES;
				CLANG_WARN_BOOL_CONVERSION = YES;
				CLANG_WARN_CONSTANT_CONVERSION = YES;
				CLANG_WARN_DIRECT_OBJC_ISA_USAGE = YES_ERROR;
				CLANG_WARN_EMPTY_BODY = YES;
				CLANG_WARN_ENUM_CONVERSION = YES;
				CLANG_WARN_INT_CONVERSION = YES;
				CLANG_WARN_OBJC_ROOT_CLASS = YES_ERROR;
				CLANG_WARN_UNREACHABLE_CODE = YES;
				CLANG_WARN__DUPLICATE_METHOD_MATCH = YES;
				"CODE_SIGN_IDENTITY[sdk=iphoneos*]" = "iPhone Developer";
				COPY_PHASE_STRIP = NO;
				DEBUG_INFORMATION_FORMAT = "dwarf-with-dsym";
				ENABLE_NS_ASSERTIONS = NO;
				ENABLE_STRICT_OBJC_MSGSEND = YES;
				GCC_C_LANGUAGE_STANDARD = gnu99;
				GCC_NO_COMMON_BLOCKS = YES;
				GCC_WARN_64_TO_32_BIT_CONVERSION = YES;
				GCC_WARN_ABOUT_RETURN_TYPE = YES_ERROR;
				GCC_WARN_UNDECLARED_SELECTOR = YES;
				GCC_WARN_UNINITIALIZED_AUTOS = YES_AGGRESSIVE;
				GCC_WARN_UNUSED_FUNCTION = YES;
				GCC_WARN_UNUSED_VARIABLE = YES;
				IPHONEOS_DEPLOYMENT_TARGET = 9.3;
				MTL_ENABLE_DEBUG_INFO = NO;
				SDKROOT = iphoneos;
				VALIDATE_PRODUCT = YES;
			};
			name = Release;
		};
		34C59DA81D046F9A00E39C2A /* Debug */ = {
			isa = XCBuildConfiguration;
			buildSettings = {
				ASSETCATALOG_COMPILER_APPICON_NAME = AppIcon;
				INFOPLIST_FILE = TCCountUp/Info.plist;
				LD_RUNPATH_SEARCH_PATHS = "$(inherited) @executable_path/Frameworks";
				PRODUCT_BUNDLE_IDENTIFIER = mocchicc.TCCountUp;
				PRODUCT_NAME = "$(TARGET_NAME)";
			};
			name = Debug;
		};
		34C59DA91D046F9A00E39C2A /* Release */ = {
			isa = XCBuildConfiguration;
			buildSettings = {
				ASSETCATALOG_COMPILER_APPICON_NAME = AppIcon;
				INFOPLIST_FILE = TCCountUp/Info.plist;
				LD_RUNPATH_SEARCH_PATHS = "$(inherited) @executable_path/Frameworks";
				PRODUCT_BUNDLE_IDENTIFIER = mocchicc.TCCountUp;
				PRODUCT_NAME = "$(TARGET_NAME)";
			};
			name = Release;
		};
/* End XCBuildConfiguration section */

/* Begin XCConfigurationList section */
		34C59D901D046F9A00E39C2A /* Build configuration list for PBXProject "TCCountUp" */ = {
			isa = XCConfigurationList;
			buildConfigurations = (
				34C59DA51D046F9A00E39C2A /* Debug */,
				34C59DA61D046F9A00E39C2A /* Release */,
			);
			defaultConfigurationIsVisible = 0;
			defaultConfigurationName = Release;
		};
		34C59DA71D046F9A00E39C2A /* Build configuration list for PBXNativeTarget "TCCountUp" */ = {
			isa = XCConfigurationList;
			buildConfigurations = (
				34C59DA81D046F9A00E39C2A /* Debug */,
				34C59DA91D046F9A00E39C2A /* Release */,
			);
			defaultConfigurationIsVisible = 0;
		};
/* End XCConfigurationList section */
	};
	rootObject = 34C59D8D1D046F9A00E39C2A /* Project object */;
}
